
Microsoft Visual Studio Solution File, Format Version 12.00
# Visual Studio Version 17
VisualStudioVersion = 17.14.36109.1
MinimumVisualStudioVersion = 10.0.40219.1
Project("{FAE04EC0-301F-11D3-BF4B-00C04F79EFBC}") = "Accounting", "Accounting\Accounting.csproj", "{8AA5FD12-A80A-4D38-8857-E9C38142A3B5}"
EndProject
Project("{54435603-DBB4-11D2-8724-00A0C9A8B90C}") = "AccountingSetup", "AccountingSetup\AccountingSetup.vdproj", "{BFFD9BEF-C51A-4A40-20AA-4880F845495E}"
EndProject
Project("{FAE04EC0-301F-11D3-BF4B-00C04F79EFBC}") = "PriceTags", "PriceTags\PriceTags.csproj", "{00CFFF6B-DF10-4789-A447-3EF8FA08E57B}"
EndProject
Global
	GlobalSection(SolutionConfigurationPlatforms) = preSolution
		Debug|Any CPU = Debug|Any CPU
		Debug|x64 = Debug|x64
		Debug|x86 = Debug|x86
		Release|Any CPU = Release|Any CPU
		Release|x64 = Release|x64
		Release|x86 = Release|x86
	EndGlobalSection
	GlobalSection(ProjectConfigurationPlatforms) = postSolution
		{8AA5FD12-A80A-4D38-8857-E9C38142A3B5}.Debug|Any CPU.ActiveCfg = Debug|Any CPU
		{8AA5FD12-A80A-4D38-8857-E9C38142A3B5}.Debug|Any CPU.Build.0 = Debug|Any CPU
		{8AA5FD12-A80A-4D38-8857-E9C38142A3B5}.Debug|x64.ActiveCfg = Debug|x64
		{8AA5FD12-A80A-4D38-8857-E9C38142A3B5}.Debug|x64.Build.0 = Debug|x64
		{8AA5FD12-A80A-4D38-8857-E9C38142A3B5}.Debug|x86.ActiveCfg = Debug|x86
		{8AA5FD12-A80A-4D38-8857-E9C38142A3B5}.Debug|x86.Build.0 = Debug|x86
		{8AA5FD12-A80A-4D38-8857-E9C38142A3B5}.Release|Any CPU.ActiveCfg = Release|Any CPU
		{8AA5FD12-A80A-4D38-8857-E9C38142A3B5}.Release|Any CPU.Build.0 = Release|Any CPU
		{8AA5FD12-A80A-4D38-8857-E9C38142A3B5}.Release|x64.ActiveCfg = Release|x64
		{8AA5FD12-A80A-4D38-8857-E9C38142A3B5}.Release|x64.Build.0 = Release|x64
		{8AA5FD12-A80A-4D38-8857-E9C38142A3B5}.Release|x86.ActiveCfg = Release|x86
		{8AA5FD12-A80A-4D38-8857-E9C38142A3B5}.Release|x86.Build.0 = Release|x86
		{BFFD9BEF-C51A-4A40-20AA-4880F845495E}.Debug|Any CPU.ActiveCfg = Debug
		{BFFD9BEF-C51A-4A40-20AA-4880F845495E}.Debug|x64.ActiveCfg = Debug
		{BFFD9BEF-C51A-4A40-20AA-4880F845495E}.Debug|x86.ActiveCfg = Debug
		{BFFD9BEF-C51A-4A40-20AA-4880F845495E}.Debug|x86.Build.0 = Debug
		{BFFD9BEF-C51A-4A40-20AA-4880F845495E}.Release|Any CPU.ActiveCfg = Release
		{BFFD9BEF-C51A-4A40-20AA-4880F845495E}.Release|x64.ActiveCfg = Release
		{BFFD9BEF-C51A-4A40-20AA-4880F845495E}.Release|x64.Build.0 = Release
		{BFFD9BEF-C51A-4A40-20AA-4880F845495E}.Release|x86.ActiveCfg = Release
		{BFFD9BEF-C51A-4A40-20AA-4880F845495E}.Release|x86.Build.0 = Release
		{00CFFF6B-DF10-4789-A447-3EF8FA08E57B}.Debug|Any CPU.ActiveCfg = Debug|Any CPU
		{00CFFF6B-DF10-4789-A447-3EF8FA08E57B}.Debug|Any CPU.Build.0 = Debug|Any CPU
		{00CFFF6B-DF10-4789-A447-3EF8FA08E57B}.Debug|x64.ActiveCfg = Debug|Any CPU
		{00CFFF6B-DF10-4789-A447-3EF8FA08E57B}.Debug|x64.Build.0 = Debug|Any CPU
		{00CFFF6B-DF10-4789-A447-3EF8FA08E57B}.Debug|x86.ActiveCfg = Debug|Any CPU
		{00CFFF6B-DF10-4789-A447-3EF8FA08E57B}.Debug|x86.Build.0 = Debug|Any CPU
		{00CFFF6B-DF10-4789-A447-3EF8FA08E57B}.Release|Any CPU.ActiveCfg = Release|Any CPU
		{00CFFF6B-DF10-4789-A447-3EF8FA08E57B}.Release|Any CPU.Build.0 = Release|Any CPU
		{00CFFF6B-DF10-4789-A447-3EF8FA08E57B}.Release|x64.ActiveCfg = Release|Any CPU
		{00CFFF6B-DF10-4789-A447-3EF8FA08E57B}.Release|x64.Build.0 = Release|Any CPU
		{00CFFF6B-DF10-4789-A447-3EF8FA08E57B}.Release|x86.ActiveCfg = Release|Any CPU
		{00CFFF6B-DF10-4789-A447-3EF8FA08E57B}.Release|x86.Build.0 = Release|Any CPU
	EndGlobalSection
	GlobalSection(SolutionProperties) = preSolution
		HideSolutionNode = FALSE
	EndGlobalSection
	GlobalSection(ExtensibilityGlobals) = postSolution
		SolutionGuid = {5277111A-65FB-42C2-82D7-D6C9001E8331}
	EndGlobalSection
EndGlobal
